{
  "lockfileVersion": 1,
  "configVersion": 1,
  "workspaces": {
    "": {
      "name": "protostar",
      "devDependencies": {
        "lefthook": "^2.1.0",
        "prettier": "3.8.1",
        "prettier-plugin-curly": "0.4.1",
      },
    },
    "apps/cli": {
      "name": "@protostar/cli",
      "dependencies": {
        "@ai-sdk/groq": "catalog:",
        "@t3-oss/env-core": "catalog:",
        "ai": "catalog:",
        "neverthrow": "catalog:",
        "serialize-error": "catalog:",
        "zod": "catalog:",
      },
      "devDependencies": {
        "@protostar/tsconfigs": "workspace:*",
        "@types/bun": "catalog:types",
        "typescript": "catalog:",
      },
    },
    "packages/tsconfigs": {
      "name": "@protostar/tsconfigs",
    },
  },
  "catalog": {
    "@ai-sdk/groq": "^3.0.22",
    "@t3-oss/env-core": "^0.13.10",
    "ai": "^6.0.77",
    "neverthrow": "^8.2.0",
    "serialize-error": "^13.0.1",
    "typescript": "^5.9.3",
    "zod": "^4.3.6",
  },
  "catalogs": {
    "types": {
      "@types/bun": "^1.3.8",
    },
  },
  "packages": {
    "@ai-sdk/gateway": ["@ai-sdk/gateway@3.0.39", "", { "dependencies": { "@ai-sdk/provider": "3.0.8", "@ai-sdk/provider-utils": "4.0.14", "@vercel/oidc": "3.1.0" }, "peerDependencies": { "zod": "^3.25.76 || ^4.1.8" } }, "sha512-SeCZBAdDNbWpVUXiYgOAqis22p5MEYfrjRw0hiBa5hM+7sDGYQpMinUjkM8kbPXMkY+AhKLrHleBl+SuqpzlgA=="],

    "@ai-sdk/groq": ["@ai-sdk/groq@3.0.22", "", { "dependencies": { "@ai-sdk/provider": "3.0.8", "@ai-sdk/provider-utils": "4.0.14" }, "peerDependencies": { "zod": "^3.25.76 || ^4.1.8" } }, "sha512-QBkqBmlts2qz2vX54gXeP9IdztMFxZw7xPNwjOjHYhEL7RynzB2aFafPIbAYTVNosrU0YEETxhw9LISjS2TtXw=="],

    "@ai-sdk/provider": ["@ai-sdk/provider@3.0.8", "", { "dependencies": { "json-schema": "^0.4.0" } }, "sha512-oGMAgGoQdBXbZqNG0Ze56CHjDZ1IDYOwGYxYjO5KLSlz5HiNQ9udIXsPZ61VWaHGZ5XW/jyjmr6t2xz2jGVwbQ=="],

    "@ai-sdk/provider-utils": ["@ai-sdk/provider-utils@4.0.14", "", { "dependencies": { "@ai-sdk/provider": "3.0.8", "@standard-schema/spec": "^1.1.0", "eventsource-parser": "^3.0.6" }, "peerDependencies": { "zod": "^3.25.76 || ^4.1.8" } }, "sha512-7bzKd9lgiDeXM7O4U4nQ8iTxguAOkg8LZGD9AfDVZYjO5cKYRwBPwVjboFcVrxncRHu0tYxZtXZtiLKpG4pEng=="],

    "@opentelemetry/api": ["@opentelemetry/api@1.9.0", "", {}, "sha512-3giAOQvZiH5F9bMlMiv8+GSPMeqg0dbaeo58/0SlA9sxSqZhnUtxzX9/2FzyhS9sWQf5S0GJE0AKBrFqjpeYcg=="],

    "@protostar/cli": ["@protostar/cli@workspace:apps/cli"],

    "@protostar/tsconfigs": ["@protostar/tsconfigs@workspace:packages/tsconfigs"],

    "@rollup/rollup-linux-x64-gnu": ["@rollup/rollup-linux-x64-gnu@4.57.1", "", { "os": "linux", "cpu": "x64" }, "sha512-ABca4ceT4N+Tv/GtotnWAeXZUZuM/9AQyCyKYyKnpk4yoA7QIAuBt6Hkgpw8kActYlew2mvckXkvx0FfoInnLg=="],

    "@standard-schema/spec": ["@standard-schema/spec@1.1.0", "", {}, "sha512-l2aFy5jALhniG5HgqrD6jXLi/rUWrKvqN/qJx6yoJsgKhblVd+iqqU4RCXavm/jPityDo5TCvKMnpjKnOriy0w=="],

    "@t3-oss/env-core": ["@t3-oss/env-core@0.13.10", "", { "peerDependencies": { "arktype": "^2.1.0", "typescript": ">=5.0.0", "valibot": "^1.0.0-beta.7 || ^1.0.0", "zod": "^3.24.0 || ^4.0.0" }, "optionalPeers": ["arktype", "typescript", "valibot", "zod"] }, "sha512-NNFfdlJ+HmPHkLi2HKy7nwuat9SIYOxei9K10lO2YlcSObDILY7mHZNSHsieIM3A0/5OOzw/P/b+yLvPdaG52g=="],

    "@types/bun": ["@types/bun@1.3.8", "", { "dependencies": { "bun-types": "1.3.8" } }, "sha512-3LvWJ2q5GerAXYxO2mffLTqOzEu5qnhEAlh48Vnu8WQfnmSwbgagjGZV6BoHKJztENYEDn6QmVd949W4uESRJA=="],

    "@types/node": ["@types/node@25.2.1", "", { "dependencies": { "undici-types": "~7.16.0" } }, "sha512-CPrnr8voK8vC6eEtyRzvMpgp3VyVRhgclonE7qYi6P9sXwYb59ucfrnmFBTaP0yUi8Gk4yZg/LlTJULGxvTNsg=="],

    "@vercel/oidc": ["@vercel/oidc@3.1.0", "", {}, "sha512-Fw28YZpRnA3cAHHDlkt7xQHiJ0fcL+NRcIqsocZQUSmbzeIKRpwttJjik5ZGanXP+vlA4SbTg+AbA3bP363l+w=="],

    "ai": ["ai@6.0.77", "", { "dependencies": { "@ai-sdk/gateway": "3.0.39", "@ai-sdk/provider": "3.0.8", "@ai-sdk/provider-utils": "4.0.14", "@opentelemetry/api": "1.9.0" }, "peerDependencies": { "zod": "^3.25.76 || ^4.1.8" } }, "sha512-tyyhrRpCRFVlivdNIFLK8cexSBB2jwTqO0z1qJQagk+UxZ+MW8h5V8xsvvb+xdKDY482Y8KAm0mr7TDnPKvvlw=="],

    "bun-types": ["bun-types@1.3.8", "", { "dependencies": { "@types/node": "*" } }, "sha512-fL99nxdOWvV4LqjmC+8Q9kW3M4QTtTR1eePs94v5ctGqU8OeceWrSUaRw3JYb7tU3FkMIAjkueehrHPPPGKi5Q=="],

    "eventsource-parser": ["eventsource-parser@3.0.6", "", {}, "sha512-Vo1ab+QXPzZ4tCa8SwIHJFaSzy4R6SHf7BY79rFBDf0idraZWAkYrDjDj8uWaSm3S2TK+hJ7/t1CEmZ7jXw+pg=="],

    "json-schema": ["json-schema@0.4.0", "", {}, "sha512-es94M3nTIfsEPisRafak+HDLfHXnKBhV3vU5eqPcS3flIWqcxJWgXHXiey3YrpaNsanY5ei1VoYEbOzijuq9BA=="],

    "lefthook": ["lefthook@2.1.0", "", { "optionalDependencies": { "lefthook-darwin-arm64": "2.1.0", "lefthook-darwin-x64": "2.1.0", "lefthook-freebsd-arm64": "2.1.0", "lefthook-freebsd-x64": "2.1.0", "lefthook-linux-arm64": "2.1.0", "lefthook-linux-x64": "2.1.0", "lefthook-openbsd-arm64": "2.1.0", "lefthook-openbsd-x64": "2.1.0", "lefthook-windows-arm64": "2.1.0", "lefthook-windows-x64": "2.1.0" }, "bin": { "lefthook": "bin/index.js" } }, "sha512-+vS+yywGQW6CN1J1hbGkez//6ixGHIQqfxDN/d3JDm531w9GfGt2lAWTDfZTw/CEl80XsN0raFcnEraR3ldw9g=="],

    "lefthook-darwin-arm64": ["lefthook-darwin-arm64@2.1.0", "", { "os": "darwin", "cpu": "arm64" }, "sha512-u2hjHLQXWSFfzO7ln2n/uEydSzfC9sc5cDC7tvKSuOdhvBwaJ0AQ7ZeuqqCQ4YfVIJfYOom1SVE9CBd10FVyig=="],

    "lefthook-darwin-x64": ["lefthook-darwin-x64@2.1.0", "", { "os": "darwin", "cpu": "x64" }, "sha512-zz5rcyrtOZpxon7uE+c0KC/o2ypJeLZql5CL0Y9oaTuECbmhfokm8glsGnyWstW/++PuMpZYYr/qsCJA5elxkQ=="],

    "lefthook-freebsd-arm64": ["lefthook-freebsd-arm64@2.1.0", "", { "os": "freebsd", "cpu": "arm64" }, "sha512-+mXNCNuFHNGYLrDqYWDeHH7kWCLCJFPpspx5PAAm+PD37PRMZJrTqDbaNK9qCghC1tdmT4/Lvilf/ewXHPlaKw=="],

    "lefthook-freebsd-x64": ["lefthook-freebsd-x64@2.1.0", "", { "os": "freebsd", "cpu": "x64" }, "sha512-+AU2HD7szuDsUdHue/E3OnF84B2ae/h7CGKpuIUHJntgoJ4kxf89oDvq2/xl8kDCn9cT76UUjgeZUgFYLRj+6Q=="],

    "lefthook-linux-arm64": ["lefthook-linux-arm64@2.1.0", "", { "os": "linux", "cpu": "arm64" }, "sha512-KM70eV1tsEib1/tk+3TFxIdH84EaYlIg5KTQWAg+LB1N23nTQ7lL4Dnh1je6f6KW4tf21nmoMUqsh0xvMkQk8Q=="],

    "lefthook-linux-x64": ["lefthook-linux-x64@2.1.0", "", { "os": "linux", "cpu": "x64" }, "sha512-6Bxmv+l7LiYq9W0IE6v2lmlRtBp6pisnlzhcouMGvH3rDwEGw11NAyRJZA3IPGEMAkIuhnlnVTUwAUzKomfJLg=="],

    "lefthook-openbsd-arm64": ["lefthook-openbsd-arm64@2.1.0", "", { "os": "openbsd", "cpu": "arm64" }, "sha512-ppJNK0bBSPLC8gqksRw5zI/0uLeMA5cK+hmZ4ofcuGNmdrN1dfl2Tx84fdeef0NcQY0ii9Y3j3icIKngIoid/g=="],

    "lefthook-openbsd-x64": ["lefthook-openbsd-x64@2.1.0", "", { "os": "openbsd", "cpu": "x64" }, "sha512-8k9lQsMYqQGu4spaQ8RNSOJidxIcOyfaoF2FPZhthtBfRV3cgVFGrsQ0hbIi5pvQRGUlCqYuCN79qauXHmnL3Q=="],

    "lefthook-windows-arm64": ["lefthook-windows-arm64@2.1.0", "", { "os": "win32", "cpu": "arm64" }, "sha512-0WN+grrxt9zP9NGRcztoPXcz25tteem91rfLWgQFab+50csJ47zldlsB7/eOS/eHG5mUg5g5NPR4XefnXtjOcQ=="],

    "lefthook-windows-x64": ["lefthook-windows-x64@2.1.0", "", { "os": "win32", "cpu": "x64" }, "sha512-XbO/5nAZQLpUn0tPpgCYfFBFJHnymSglQ73jD6wymNrR1j8I5EcXGlP6YcLhnZ83yzsdLC+gup+N6IqUeiyRdw=="],

    "neverthrow": ["neverthrow@8.2.0", "", { "optionalDependencies": { "@rollup/rollup-linux-x64-gnu": "^4.24.0" } }, "sha512-kOCT/1MCPAxY5iUV3wytNFUMUolzuwd/VF/1KCx7kf6CutrOsTie+84zTGTpgQycjvfLdBBdvBvFLqFD2c0wkQ=="],

    "non-error": ["non-error@0.1.0", "", {}, "sha512-TMB1uHiGsHRGv1uYclfhivcnf0/PdFp2pNqRxXjncaAsjYMoisaQJI+SSZCqRq+VliwRTC8tsMQfmrWjDMhkPQ=="],

    "prettier": ["prettier@3.8.1", "", { "bin": { "prettier": "bin/prettier.cjs" } }, "sha512-UOnG6LftzbdaHZcKoPFtOcCKztrQ57WkHDeRD9t/PTQtmT0NHSeWWepj6pS0z/N7+08BHFDQVUrfmfMRcZwbMg=="],

    "prettier-plugin-curly": ["prettier-plugin-curly@0.4.1", "", { "peerDependencies": { "prettier": "^3" } }, "sha512-Xc7zatoD0/08zYFv+hwnlqT5ekM81DCbBr73CWAsr1Fmx7qLQT/M0wfPx6w/+zfnmXH009xYvjzLUPcwzq7Fbw=="],

    "serialize-error": ["serialize-error@13.0.1", "", { "dependencies": { "non-error": "^0.1.0", "type-fest": "^5.4.1" } }, "sha512-bBZaRwLH9PN5HbLCjPId4dP5bNGEtumcErgOX952IsvOhVPrm3/AeK1y0UHA/QaPG701eg0yEnOKsCOC6X/kaA=="],

    "tagged-tag": ["tagged-tag@1.0.0", "", {}, "sha512-yEFYrVhod+hdNyx7g5Bnkkb0G6si8HJurOoOEgC8B/O0uXLHlaey/65KRv6cuWBNhBgHKAROVpc7QyYqE5gFng=="],

    "type-fest": ["type-fest@5.4.3", "", { "dependencies": { "tagged-tag": "^1.0.0" } }, "sha512-AXSAQJu79WGc79/3e9/CR77I/KQgeY1AhNvcShIH4PTcGYyC4xv6H4R4AUOwkPS5799KlVDAu8zExeCrkGquiA=="],

    "typescript": ["typescript@5.9.3", "", { "bin": { "tsc": "bin/tsc", "tsserver": "bin/tsserver" } }, "sha512-jl1vZzPDinLr9eUt3J/t7V6FgNEw9QjvBPdysz9KfQDD41fQrC2Y4vKQdiaUpFT4bXlb1RHhLpp8wtm6M5TgSw=="],

    "undici-types": ["undici-types@7.16.0", "", {}, "sha512-Zz+aZWSj8LE6zoxD+xrjh4VfkIG8Ya6LvYkZqtUQGJPZjYl53ypCaUwWqo7eI0x66KBGeRo+mlBEkMSeSZ38Nw=="],

    "zod": ["zod@4.3.6", "", {}, "sha512-rftlrkhHZOcjDwkGlnUtZZkvaPHCsDATp4pGpuOOMDaTdDDXF91wuVDJoWoPsKX/3YPQ5fHuF3STjcYyKr+Qhg=="],
  }
}
